Microsoft Visual Studio Solution File, Format Version 11.00
# Visual Studio 2008

Project("{255C4887-CE37-7176-2677-D01068443098}") = "Build 0.7", "Assembly-CSharp-firstpass.csproj", "{B191EBF4-A396-208D-EDB4-65709BF7D93B}"
EndProject
Project("{255C4887-CE37-7176-2677-D01068443098}") = "Build 0.7", "Assembly-CSharp.csproj", "{D000CD63-B59E-1370-0ECD-DCBF7510B396}"
EndProject
Project("{255C4887-CE37-7176-2677-D01068443098}") = "Build 0.7", "Assembly-UnityScript-firstpass.unityproj", "{F3E04F1C-0EE0-D5F5-68D1-7C25C6172DEF}"
EndProject
Global
	GlobalSection(SolutionConfigurationPlatforms) = preSolution
		Debug|Any CPU = Debug|Any CPU
		Release|Any CPU = Release|Any CPU
	EndGlobalSection
	GlobalSection(ProjectConfigurationPlatforms) = postSolution
		{B191EBF4-A396-208D-EDB4-65709BF7D93B}.Debug|Any CPU.ActiveCfg = Debug|Any CPU
		{B191EBF4-A396-208D-EDB4-65709BF7D93B}.Debug|Any CPU.Build.0 = Debug|Any CPU
		{B191EBF4-A396-208D-EDB4-65709BF7D93B}.Release|Any CPU.ActiveCfg = Release|Any CPU
		{B191EBF4-A396-208D-EDB4-65709BF7D93B}.Release|Any CPU.Build.0 = Release|Any CPU
		{D000CD63-B59E-1370-0ECD-DCBF7510B396}.Debug|Any CPU.ActiveCfg = Debug|Any CPU
		{D000CD63-B59E-1370-0ECD-DCBF7510B396}.Debug|Any CPU.Build.0 = Debug|Any CPU
		{D000CD63-B59E-1370-0ECD-DCBF7510B396}.Release|Any CPU.ActiveCfg = Release|Any CPU
		{D000CD63-B59E-1370-0ECD-DCBF7510B396}.Release|Any CPU.Build.0 = Release|Any CPU
		{F3E04F1C-0EE0-D5F5-68D1-7C25C6172DEF}.Debug|Any CPU.ActiveCfg = Debug|Any CPU
		{F3E04F1C-0EE0-D5F5-68D1-7C25C6172DEF}.Debug|Any CPU.Build.0 = Debug|Any CPU
		{F3E04F1C-0EE0-D5F5-68D1-7C25C6172DEF}.Release|Any CPU.ActiveCfg = Release|Any CPU
		{F3E04F1C-0EE0-D5F5-68D1-7C25C6172DEF}.Release|Any CPU.Build.0 = Release|Any CPU
	EndGlobalSection
	GlobalSection(SolutionProperties) = preSolution
		HideSolutionNode = FALSE
	EndGlobalSection
			GlobalSection(MonoDevelopProperties) = preSolution
		StartupItem = Assembly-CSharp.csproj
		Policies = $0
		$0.TextStylePolicy = $1
		$1.inheritsSet = null
		$1.scope = text/x-csharp
		$0.CSharpFormattingPolicy = $2
		$2.inheritsSet = Mono
		$2.inheritsScope = text/x-csharp
		$2.scope = text/x-csharp
		$0.TextStylePolicy = $3
		$3.FileWidth = 120
		$3.TabWidth = 4
		$3.IndentWidth = 4
		$3.EolMarker = Unix
		$3.inheritsSet = Mono
		$3.inheritsScope = text/plain
		$3.scope = text/plain
	EndGlobalSection

EndGlobal
