Microsoft Visual Studio Solution File, Format Version 11.00
# Visual Studio 2008

Project("{A7CC73BE-AC8F-A17B-0E01-34DF0A34DE10}") = "Build 0.7.1", "Assembly-CSharp-firstpass.csproj", "{13C3883F-264C-9CBE-54B8-A3A6F26C9AB3}"
EndProject
Project("{A7CC73BE-AC8F-A17B-0E01-34DF0A34DE10}") = "Build 0.7.1", "Assembly-CSharp.csproj", "{EB08317D-01DD-B418-C247-4BA5F0371C5B}"
EndProject
Project("{A7CC73BE-AC8F-A17B-0E01-34DF0A34DE10}") = "Build 0.7.1", "Assembly-UnityScript-firstpass.unityproj", "{C452D991-F2DC-C555-E2BC-966FF10F2461}"
EndProject
Global
	GlobalSection(SolutionConfigurationPlatforms) = preSolution
		Debug|Any CPU = Debug|Any CPU
		Release|Any CPU = Release|Any CPU
	EndGlobalSection
	GlobalSection(ProjectConfigurationPlatforms) = postSolution
		{13C3883F-264C-9CBE-54B8-A3A6F26C9AB3}.Debug|Any CPU.ActiveCfg = Debug|Any CPU
		{13C3883F-264C-9CBE-54B8-A3A6F26C9AB3}.Debug|Any CPU.Build.0 = Debug|Any CPU
		{13C3883F-264C-9CBE-54B8-A3A6F26C9AB3}.Release|Any CPU.ActiveCfg = Release|Any CPU
		{13C3883F-264C-9CBE-54B8-A3A6F26C9AB3}.Release|Any CPU.Build.0 = Release|Any CPU
		{EB08317D-01DD-B418-C247-4BA5F0371C5B}.Debug|Any CPU.ActiveCfg = Debug|Any CPU
		{EB08317D-01DD-B418-C247-4BA5F0371C5B}.Debug|Any CPU.Build.0 = Debug|Any CPU
		{EB08317D-01DD-B418-C247-4BA5F0371C5B}.Release|Any CPU.ActiveCfg = Release|Any CPU
		{EB08317D-01DD-B418-C247-4BA5F0371C5B}.Release|Any CPU.Build.0 = Release|Any CPU
		{C452D991-F2DC-C555-E2BC-966FF10F2461}.Debug|Any CPU.ActiveCfg = Debug|Any CPU
		{C452D991-F2DC-C555-E2BC-966FF10F2461}.Debug|Any CPU.Build.0 = Debug|Any CPU
		{C452D991-F2DC-C555-E2BC-966FF10F2461}.Release|Any CPU.ActiveCfg = Release|Any CPU
		{C452D991-F2DC-C555-E2BC-966FF10F2461}.Release|Any CPU.Build.0 = Release|Any CPU
	EndGlobalSection
	GlobalSection(SolutionProperties) = preSolution
		HideSolutionNode = FALSE
	EndGlobalSection
									GlobalSection(MonoDevelopProperties) = preSolution
		StartupItem = Assembly-CSharp.csproj
		Policies = $0
		$0.TextStylePolicy = $1
		$1.inheritsSet = null
		$1.scope = text/x-csharp
		$0.CSharpFormattingPolicy = $2
		$2.inheritsSet = Mono
		$2.inheritsScope = text/x-csharp
		$2.scope = text/x-csharp
		$0.TextStylePolicy = $3
		$3.FileWidth = 120
		$3.TabWidth = 4
		$3.IndentWidth = 4
		$3.EolMarker = Unix
		$3.inheritsSet = Mono
		$3.inheritsScope = text/plain
		$3.scope = text/plain
	EndGlobalSection

EndGlobal
